{
  "name": "ajs-node",
  "version": "1.0.0",
  "lockfileVersion": 2,
  "requires": true,
  "packages": {
    "": {
      "name": "ajs-node",
      "version": "1.0.0",
      "license": "ISC",
      "dependencies": {
        "@Surik95/ajs": "npm:@surik95/ajs@^1.0.0"
      }
    },
    "node_modules/@Surik95/ajs": {
      "name": "@surik95/ajs",
      "version": "1.0.0",
      "resolved": "https://npm.pkg.github.com/download/@surik95/ajs/1.0.0/9868b4066de9fb7e1dd82b096121af29cbc567a2",
      "integrity": "sha512-tMVZfSLEnRXjgXDlww6DVESau/odVtAyAgg3zQcR1VGoqKT0il91+TZV2LWuC5YPqztAKj8pooA4YeKP0yOSrw==",
      "license": "ISC"
    }
  },
  "dependencies": {
    "@Surik95/ajs": {
      "version": "npm:@surik95/ajs@1.0.0",
      "resolved": "https://npm.pkg.github.com/download/@surik95/ajs/1.0.0/9868b4066de9fb7e1dd82b096121af29cbc567a2",
      "integrity": "sha512-tMVZfSLEnRXjgXDlww6DVESau/odVtAyAgg3zQcR1VGoqKT0il91+TZV2LWuC5YPqztAKj8pooA4YeKP0yOSrw=="
    }
  }
}
